
Microsoft Visual Studio Solution File, Format Version 12.00
# Visual Studio Version 17
VisualStudioVersion = 17.14.36414.22 d17.14
MinimumVisualStudioVersion = 10.0.40219.1
Project("{FAE04EC0-301F-11D3-BF4B-00C04F79EFBC}") = "Number_Guessing_Name", "Number_Guessing_Name\Number_Guessing_Name.csproj", "{C2BFBA74-0635-4115-9916-53863F6AB3B0}"
EndProject
Global
	GlobalSection(SolutionConfigurationPlatforms) = preSolution
		Debug|Any CPU = Debug|Any CPU
		Release|Any CPU = Release|Any CPU
	EndGlobalSection
	GlobalSection(ProjectConfigurationPlatforms) = postSolution
		{C2BFBA74-0635-4115-9916-53863F6AB3B0}.Debug|Any CPU.ActiveCfg = Debug|Any CPU
		{C2BFBA74-0635-4115-9916-53863F6AB3B0}.Debug|Any CPU.Build.0 = Debug|Any CPU
		{C2BFBA74-0635-4115-9916-53863F6AB3B0}.Release|Any CPU.ActiveCfg = Release|Any CPU
		{C2BFBA74-0635-4115-9916-53863F6AB3B0}.Release|Any CPU.Build.0 = Release|Any CPU
	EndGlobalSection
	GlobalSection(SolutionProperties) = preSolution
		HideSolutionNode = FALSE
	EndGlobalSection
	GlobalSection(ExtensibilityGlobals) = postSolution
		SolutionGuid = {D015DDCF-D5AD-47E8-A74D-30A330F8F627}
	EndGlobalSection
EndGlobal
